{
  "version": 4,
  "terraform_version": "0.12.14",
  "serial": 1301,
  "lineage": "110414bd-58a5-51bb-51a7-2a8889203ddf",
  "outputs": {
    "cidr_subnet_jekyll": {
      "value": "10.0.0.0/24",
      "type": "string"
    },
    "route_table_id_jekyll_host": {
      "value": "rtb-000a25003d30d1a72",
      "type": "string"
    },
    "security_group_id_jekyll_hosts": {
      "value": "sg-0d5760b7d366d9bfa",
      "type": "string"
    },
    "vpc_id_jekyll": {
      "value": "vpc-06ca70c37aea93839",
      "type": "string"
    }
  },
  "resources": [
    {
      "module": "module.jekyll-devbox",
      "mode": "data",
      "type": "aws_ami",
      "name": "amazon-linux-2",
      "provider": "module.jekyll-devbox.provider.aws",
      "instances": [
        {
          "schema_version": 0,
          "attributes": {
            "architecture": "x86_64",
            "block_device_mappings": [
              {
                "device_name": "/dev/xvda",
                "ebs": {
                  "delete_on_termination": "true",
                  "encrypted": "false",
                  "iops": "0",
                  "snapshot_id": "snap-01023d2eff1cc2624",
                  "volume_size": "8",
                  "volume_type": "gp2"
                },
                "no_device": "",
                "virtual_name": ""
              }
            ],
            "creation_date": "2020-04-07T17:30:32.000Z",
            "description": "Amazon Linux 2 AMI 2.0.20200406.0 x86_64 HVM gp2",
            "executable_users": null,
            "filter": [
              {
                "name": "architecture",
                "values": [
                  "x86_64*"
                ]
              },
              {
                "name": "name",
                "values": [
                  "amzn2-ami-hvm*"
                ]
              }
            ],
            "hypervisor": "xen",
            "id": "ami-0d6621c01e8c2de2c",
            "image_id": "ami-0d6621c01e8c2de2c",
            "image_location": "amazon/amzn2-ami-hvm-2.0.20200406.0-x86_64-gp2",
            "image_owner_alias": "amazon",
            "image_type": "machine",
            "kernel_id": null,
            "most_recent": true,
            "name": "amzn2-ami-hvm-2.0.20200406.0-x86_64-gp2",
            "name_regex": null,
            "owner_id": "137112412989",
            "owners": [
              "amazon"
            ],
            "platform": null,
            "product_codes": [],
            "public": true,
            "ramdisk_id": null,
            "root_device_name": "/dev/xvda",
            "root_device_type": "ebs",
            "root_snapshot_id": "snap-01023d2eff1cc2624",
            "sriov_net_support": "simple",
            "state": "available",
            "state_reason": {
              "code": "UNSET",
              "message": "UNSET"
            },
            "tags": {},
            "virtualization_type": "hvm"
          }
        }
      ]
    },
    {
      "module": "module.jekyll-devbox",
      "mode": "data",
      "type": "aws_availability_zones",
      "name": "available",
      "provider": "module.jekyll-devbox.provider.aws",
      "instances": [
        {
          "schema_version": 0,
          "attributes": {
            "blacklisted_names": null,
            "blacklisted_zone_ids": null,
            "id": "2020-04-09 18:38:55.5701515 +0000 UTC",
            "names": [
              "us-west-2a",
              "us-west-2b",
              "us-west-2c",
              "us-west-2d"
            ],
            "state": null,
            "zone_ids": [
              "usw2-az1",
              "usw2-az2",
              "usw2-az3",
              "usw2-az4"
            ]
          }
        }
      ]
    },
    {
      "module": "module.jekyll-devbox",
      "mode": "data",
      "type": "aws_region",
      "name": "current",
      "provider": "module.jekyll-devbox.provider.aws",
      "instances": [
        {
          "schema_version": 0,
          "attributes": {
            "current": null,
            "description": "US West (Oregon)",
            "endpoint": "ec2.us-west-2.amazonaws.com",
            "id": "us-west-2",
            "name": "us-west-2"
          }
        }
      ]
    },
    {
      "module": "module.jekyll-devbox",
      "mode": "data",
      "type": "http",
      "name": "admin-external-ip",
      "provider": "module.jekyll-devbox.provider.http",
      "instances": [
        {
          "schema_version": 0,
          "attributes": {
            "body": "174.222.128.55\n",
            "id": "2020-04-09 18:38:51.417694 +0000 UTC",
            "request_headers": null,
            "url": "http://ipv4.icanhazip.com"
          }
        }
      ]
    },
    {
      "module": "module.jekyll-devbox",
      "mode": "managed",
      "type": "aws_instance",
      "name": "jekyll-host",
      "provider": "module.jekyll-devbox.provider.aws",
      "instances": [
        {
          "schema_version": 1,
          "attributes": {
            "ami": "ami-0d6621c01e8c2de2c",
            "arn": "arn:aws:ec2:us-west-2:555344254085:instance/i-0301a8f0bbdb77cdb",
            "associate_public_ip_address": true,
            "availability_zone": "us-west-2a",
            "cpu_core_count": 1,
            "cpu_threads_per_core": 1,
            "credit_specification": [
              {
                "cpu_credits": "standard"
              }
            ],
            "disable_api_termination": false,
            "ebs_block_device": [],
            "ebs_optimized": false,
            "ephemeral_block_device": [],
            "get_password_data": false,
            "hibernation": false,
            "host_id": null,
            "iam_instance_profile": "",
            "id": "i-0301a8f0bbdb77cdb",
            "instance_initiated_shutdown_behavior": null,
            "instance_state": "running",
            "instance_type": "t2.micro",
            "ipv6_address_count": 0,
            "ipv6_addresses": [],
            "key_name": "ansible-server",
            "monitoring": false,
            "network_interface": [],
            "network_interface_id": null,
            "password_data": "",
            "placement_group": "",
            "primary_network_interface_id": "eni-0c4bbf7ba966e2ae9",
            "private_dns": "ip-10-0-0-227.us-west-2.compute.internal",
            "private_ip": "10.0.0.227",
            "public_dns": "ec2-34-216-153-86.us-west-2.compute.amazonaws.com",
            "public_ip": "34.216.153.86",
            "root_block_device": [
              {
                "delete_on_termination": true,
                "encrypted": false,
                "iops": 100,
                "kms_key_id": "",
                "volume_id": "vol-09a0497c1c4dab920",
                "volume_size": 8,
                "volume_type": "gp2"
              }
            ],
            "security_groups": [],
            "source_dest_check": false,
            "subnet_id": "subnet-02d9f894d0fd2d161",
            "tags": {
              "Name": "Jekyll-Host"
            },
            "tenancy": "default",
            "timeouts": {
              "create": "60m",
              "delete": "60m",
              "update": "60m"
            },
            "user_data": null,
            "user_data_base64": "IyEvYmluL2Jhc2ggLXhlDQojIyMgSW5zdGFsbCBzb2Z0d2FyZQ0KeXVtIC15IHVwZGF0ZQ0KYW1hem9uLWxpbnV4LWV4dHJhcyBpbnN0YWxsIC15IGVwZWwNCnl1bSAteSBpbnN0YWxsIGF3c2NsaQ0KeXVtIGluc3RhbGwgLXkgdGVsbmV0DQp5dW0gaW5zdGFsbCAteSBnaXQNCiMjIyBDcmVhdGUgdXNlciBmb3IgSmVreWxsDQpncm91cGFkZCAtZyAyMDAyIGpla3lsbC1ob3N0DQp1c2VyYWRkIC11IDIwMDIgLWcgMjAwMiAtYyAiSmVreWxsLUhvc3QgQWNjb3VudCIgLXMgL2Jpbi9iYXNoIC1tIC1kIC9ob21lL2pla3lsbC1ob3N0IGpla3lsbC1ob3N0DQojIENvbmZpZ3VyZSBTU0ggZm9yIHRoZSB1c2VyDQpta2RpciAtcCAvaG9tZS9qZWt5bGwtaG9zdC8uc3NoDQpjcCAtcHIgL2hvbWUvZWMyLXVzZXIvLnNzaC9hdXRob3JpemVkX2tleXMgL2hvbWUvamVreWxsLWhvc3QvLnNzaC9hdXRob3JpemVkX2tleXMNCmNob3duIC1SIGpla3lsbC1ob3N0Ompla3lsbC1ob3N0IC9ob21lL2pla3lsbC1ob3N0Ly5zc2gNCmNobW9kIDcwMCAvaG9tZS9qZWt5bGwtaG9zdC8uc3NoDQojIEFkZCB1c2VyIHRvIHN1ZG9lcnMgd2l0aCBubyBwYXNzd29yZCwgc3NoLW9ubHkgYXV0aGVudGljYXRpb24NCmNhdCA8PCAnRU9GJyA+IC9ldGMvc3Vkb2Vycy5kL2pla3lsbC1ob3N0DQpVc2VyX0FsaWFzIEpFS1lMTF9BVVRPTUFUSU9OID0gJWpla3lsbC1ob3N0DQpKRUtZTExfQVVUT01BVElPTiBBTEw9KEFMTCkgICAgICBOT1BBU1NXRDogQUxMDQpFT0YNCmNobW9kIDQwMCAvZXRjL3N1ZG9lcnMuZC9qZWt5bGwtaG9zdA0KY2F0IDw8ICdFT0YnID4+IC9ldGMvc3NoL3NzaGRfY29uZmlnDQpNYXRjaCBVc2VyIGpla3lsbC1ob3N0DQogICAgICAgIFBhc3N3b3JkQXV0aGVudGljYXRpb24gbm8NCiAgICAgICAgQXV0aGVudGljYXRpb25NZXRob2RzIHB1YmxpY2tleQ0KDQpFT0YNCiMgcmVzdGFydCBzc2hkDQpzeXN0ZW1jdGwgcmVzdGFydCBzc2hkDQoNCiMjIyBDb25maWd1cmUgamVreWxsLWhvc3Qgd29ya3NwYWNlIHdpdGggdGVtcGxhdGUNCiMjIyMNCiMgQ2hhbmdlIHRvIG5ldyB1c2VyIGFuZCBuYXZpZ2F0ZSB0byBzb21lcGxhY2Ugd2hlcmUgd2UgY2FuIHN0b3JlIGRvd25sb2Fkcy4gIA0Kc3UgLSBqZWt5bGwtaG9zdA0KY2QgL2hvbWUvamVreWxsLWhvc3QNCiNDcmVhdGUgZGlyZWN0b3JpZXMgZm9yIHNvdXJjZSBhbmQgZGVzdGluYXRpb24gb2YgSmVreWxsIG9wZXJhdGlvbnMNCm1rZGlyIC9ob21lL2pla3lsbC1ob3N0L2pla3lsbC1maWxlcy8NCm1rZGlyIC9ob21lL2pla3lsbC1ob3N0L2pla3lsbC1maWxlcy9fc2l0ZQ0KbWtkaXIgL2hvbWUvamVreWxsLWhvc3QvamVreWxsLWZpbGVzL19wbHVnaW5zDQpta2RpciAvaG9tZS9qZWt5bGwtaG9zdC9qZWt5bGwtZmlsZXMvX2xheW91dHMNCm1rZGlyIC9ob21lL2pla3lsbC1ob3N0L2pla3lsbC1maWxlcy9fZGF0YQ0KbWtkaXIgL2hvbWUvamVreWxsLWhvc3QvamVreWxsLWZpbGVzL19pbmNsdWRlcw0KbWtkaXIgL2hvbWUvamVreWxsLWhvc3QvamVreWxsLWZpbGVzL19zYXNzDQpzdWRvIGNob3duIC1SIGpla3lsbC1ob3N0Ompla3lsbC1ob3N0IC9ob21lL2pla3lsbC1ob3N0L2pla3lsbC1maWxlcy8NCiNDcmVhdGUgbG9jYXRpb24gaW50byB3aGljaCB0byBkb3dubG9hZCByZXBvcyBjb250YWluaW5nIGpla3lsbCBjb2RlIHRoYXQgd2lsbCBiZSBtb3ZlZCBpbnRvIHRoZSBqZWt5bGwgc291cmNlIGRpcmVjdG9yeSBieSBvdGhlciBwcm9jZXNzZXMgc2VwYXJhdGVseSBsYXRlci4NCm1rZGlyIC9ob21lL2pla3lsbC1ob3N0L2Nsb25lZC1yZXBvcw0Kc3VkbyBjaG93biAtUiBqZWt5bGwtaG9zdDpqZWt5bGwtaG9zdCAvaG9tZS9qZWt5bGwtaG9zdC9jbG9uZWQtcmVwb3MNCiNUaGUgZm9sbG93aW5nIDQgbGluZXMgYXJlIGFkZGVkIE1hcmNoIDE5LCAyMDIwIGFzIGFuIGV4cGVyaW1lbnQgdG8gaW5zdGFsbCBKZWt5bGwNCnN1ZG8geXVtIHVwZGF0ZSAteSANCnN1ZG8gYW1hem9uLWxpbnV4LWV4dHJhcyBpbnN0YWxsIC15IHJ1YnkyLjYNCnN1ZG8geXVtIGluc3RhbGwgLXkgcnVieS1yZG9jIHJ1YnktZGV2ZWwgZ2NjIGdjYy1jKysgbWFrZQ0KZ2VtIGluc3RhbGwgamVreWxsIGJ1bmRsZXINCiNUaGUgZm9sbG93aW5nIHNob3VsZCBwcmludCBhIHZhbGlkIHZlcnNpb24gb2YgcnVieSwgamVreWxsLCBhbmQgYnVuZGxlciANCnJ1YnkgLXYgDQpnZW0gLXYNCmdjYyAtdiANCmcrKyAtdiANCm1ha2UgLXYgDQpqZWt5bGwgLXYgDQpidW5kbGVyIC12DQojVGhlIGZvbGxvd2luZyAzIGxpbmVzIHByZXZlbnQgYW4gZXJyb3IgdGhhdCBvY2N1cnJlZCB3aGVuIHdvcmtpbmcgd2l0aCB0aGVtZXMgaW4gSmVreWxsIA0Kc3VkbyB5dW0gaW5zdGFsbCAteSB6bGliLWRldmVsDQpzdWRvIGNob3duIC1SIGpla3lsbC1ob3N0Ompla3lsbC1ob3N0IC91c3Ivc2hhcmUvZ2Vtcy8NCnN1ZG8gY2hvd24gLVIgamVreWxsLWhvc3Q6amVreWxsLWhvc3QgL3Vzci9saWI2NC9nZW1zLw0KDQojSW5zZXJ0IHRoZSBjb25maWcgZmlsZSBmb3IgSmVreWxsIG5leHQuDQpjYXQgPDwgJ0VPRicgPj4gL2hvbWUvamVreWxsLWhvc3QvamVreWxsLWZpbGVzL19jb25maWcueWFtbA0KIyBXaGVyZSB0aGluZ3MgYXJlDQpzb3VyY2UgICAgICAgICAgICAgIDogL2hvbWUvamVreWxsLWhvc3QvamVreWxsLWZpbGVzLw0KZGVzdGluYXRpb24gICAgICAgICA6IC9ob21lL2pla3lsbC1ob3N0L2pla3lsbC1maWxlcy9fc2l0ZQ0KY29sbGVjdGlvbnNfZGlyICAgICA6IC9ob21lL2pla3lsbC1ob3N0L2pla3lsbC1maWxlcy8NCnBsdWdpbnNfZGlyICAgICAgICAgOiAvaG9tZS9qZWt5bGwtaG9zdC9qZWt5bGwtZmlsZXMvX3BsdWdpbnMNCmxheW91dHNfZGlyICAgICAgICAgOiAvaG9tZS9qZWt5bGwtaG9zdC9qZWt5bGwtZmlsZXMvX2xheW91dHMNCmRhdGFfZGlyICAgICAgICAgICAgOiAvaG9tZS9qZWt5bGwtaG9zdC9qZWt5bGwtZmlsZXMvX2RhdGENCmluY2x1ZGVzX2RpciAgICAgICAgOiAvaG9tZS9qZWt5bGwtaG9zdC9qZWt5bGwtZmlsZXMvX2luY2x1ZGVzDQpzYXNzOg0KICBzYXNzX2RpcjogL2hvbWUvamVreWxsLWhvc3QvamVreWxsLWZpbGVzL19zYXNzDQpjb2xsZWN0aW9uczoNCiAgcG9zdHM6DQogICAgb3V0cHV0ICAgICAgICAgIDogdHJ1ZQ0KDQojIEhhbmRsaW5nIFJlYWRpbmcNCnNhZmUgICAgICAgICAgICAgICAgOiBmYWxzZQ0KaW5jbHVkZSAgICAgICAgICAgICA6IFsiLmh0YWNjZXNzIl0NCmV4Y2x1ZGUgICAgICAgICAgICAgOiBbIkdlbWZpbGUiLCAiR2VtZmlsZS5sb2NrIiwgIm5vZGVfbW9kdWxlcyIsICJ2ZW5kb3IvYnVuZGxlLyIsICJ2ZW5kb3IvY2FjaGUvIiwgInZlbmRvci9nZW1zLyIsICJ2ZW5kb3IvcnVieS8iXQ0Ka2VlcF9maWxlcyAgICAgICAgICA6IFsiLmdpdCIsICIuc3ZuIl0NCmVuY29kaW5nICAgICAgICAgICAgOiAidXRmLTgiDQptYXJrZG93bl9leHQgICAgICAgIDogIm1hcmtkb3duLG1rZG93bixta2RuLG1rZCxtZCINCnN0cmljdF9mcm9udF9tYXR0ZXIgOiBmYWxzZQ0KDQojIEZpbHRlcmluZyBDb250ZW50DQpzaG93X2RyYWZ0cyAgICAgICAgIDogbnVsbA0KbGltaXRfcG9zdHMgICAgICAgICA6IDANCmZ1dHVyZSAgICAgICAgICAgICAgOiBmYWxzZQ0KdW5wdWJsaXNoZWQgICAgICAgICA6IGZhbHNlDQoNCiMgUGx1Z2lucw0Kd2hpdGVsaXN0ICAgICAgICAgICA6IFtdDQpwbHVnaW5zICAgICAgICAgICAgIDogW10NCg0KIyBDb252ZXJzaW9uDQptYXJrZG93biAgICAgICAgICAgIDoga3JhbWRvd24NCmhpZ2hsaWdodGVyICAgICAgICAgOiByb3VnZQ0KbHNpICAgICAgICAgICAgICAgICA6IGZhbHNlDQpleGNlcnB0X3NlcGFyYXRvciAgIDogIlxuXG4iDQppbmNyZW1lbnRhbCAgICAgICAgIDogdHJ1ZQ0KDQojIFNlcnZpbmcNCmRldGFjaCAgICAgICAgICAgICAgOiBmYWxzZQ0KcG9ydCAgICAgICAgICAgICAgICA6IDQwMDANCmhvc3QgICAgICAgICAgICAgICAgOiAwLjAuMC4wDQpiYXNldXJsICAgICAgICAgICAgIDogIiIgIyBkb2VzIG5vdCBpbmNsdWRlIGhvc3RuYW1lDQpzaG93X2Rpcl9saXN0aW5nICAgIDogZmFsc2UNCg0KIyBPdXRwdXR0aW5nDQpwZXJtYWxpbmsgICAgICAgICAgIDogZGF0ZQ0KcGFnaW5hdGVfcGF0aCAgICAgICA6IC9wYWdlOm51bQ0KdGltZXpvbmUgICAgICAgICAgICA6IG51bGwNCg0KcXVpZXQgICAgICAgICAgICAgICA6IGZhbHNlDQp2ZXJib3NlICAgICAgICAgICAgIDogZmFsc2UNCmRlZmF1bHRzICAgICAgICAgICAgOiBbXQ0KDQpsaXF1aWQ6DQogIGVycm9yX21vZGUgICAgICAgIDogd2Fybg0KICBzdHJpY3RfZmlsdGVycyAgICA6IGZhbHNlDQogIHN0cmljdF92YXJpYWJsZXMgIDogZmFsc2UNCg0KIyBNYXJrZG93biBQcm9jZXNzb3JzDQpyZGlzY291bnQ6DQogIGV4dGVuc2lvbnMgICAgICAgIDogW10NCg0KcmVkY2FycGV0Og0KICBleHRlbnNpb25zICAgICAgICA6IFtdDQoNCmtyYW1kb3duOg0KICBhdXRvX2lkcyAgICAgICAgICA6IHRydWUNCiAgZW50aXR5X291dHB1dCAgICAgOiBhc19jaGFyDQogIHRvY19sZXZlbHMgICAgICAgIDogWzEsIDIsIDMsIDQsIDUsIDZdDQogIHNtYXJ0X3F1b3RlcyAgICAgIDogbHNxdW8scnNxdW8sbGRxdW8scmRxdW8NCiAgaW5wdXQgICAgICAgICAgICAgOiBHRk0NCiAgaGFyZF93cmFwICAgICAgICAgOiBmYWxzZQ0KICBmb290bm90ZV9uciAgICAgICA6IDENCiAgc2hvd193YXJuaW5ncyAgICAgOiBmYWxzZQ0KDQpFT0YNCg0KI0NyZWF0ZSBhIG5ldyBlbXB0eSBHZW1maWxlIGFuZCBpbnN0YWxsIGFueSBnZW1zIGluZGljYXRlZCBpbiB0aGUgZ2VtIGZpbGUgZm9yIHRoZSBzaXRlLiAgVGhpcyBpcyBnb29kIHByYWN0aWNlIGJlZm9yZSBydW5uaW5nIGpla3lsbCBzZXJ2ZSBiZWxvdy4NCmNkIC9ob21lL2pla3lsbC1ob3N0L2pla3lsbC1maWxlcy8NCg0KY2F0IDw8ICdFT0YnID4+IC9ob21lL2pla3lsbC1ob3N0L2pla3lsbC1maWxlcy9HZW1maWxlDQoNCnNvdXJjZSAnaHR0cHM6Ly9ydWJ5Z2Vtcy5vcmcnDQoNCmdlbSAnamVreWxsJw0KDQpFT0YNCg0KIyBSdW4gYnVuZGxlIHRvIGFkZCB0aGUgZ2VtcyByZWxhdGVkIHRvIEpla3lsbCB0byB0aGUgcHJvamVjdC4gIFRoaXMgd2lsbCBlbmFibGUgeW91IHRvIHByZWZpeCBhbGwgY29tbWFuZHMgd2l0aCBidW5kbGUgZXhlYyBzbyB0aGF0IHRoZSB2ZXJzaW9uIG9mIGpla3lsbCBkZWZpbmVkIGluIHRoZSBnZW1maWxlIHdpbGwgYmUgdXNlZC4NCmJ1bmRsZQ0KI05vdyBjcmVhdGUgYW4gaW5pdGlhbCBzaW1wbGUgcGFnZSB0byBjb25maXJtIEpla3lsbCBpcyBydW5uaW5nLg0KDQpjYXQgPDwgJ0VPRicgPj4gL2hvbWUvamVreWxsLWhvc3QvamVreWxsLWZpbGVzL2luZGV4Lmh0bWwNCg0KPCFkb2N0eXBlIGh0bWw+DQo8aHRtbD4NCiAgPGhlYWQ+DQogICAgPG1ldGEgY2hhcnNldD0idXRmLTgiPg0KICAgIDx0aXRsZT5UZXN0IFBhZ2U8L3RpdGxlPg0KICA8L2hlYWQ+DQogIDxib2R5Pg0KICAgIDxoMT5KZWt5bGwgd29ya3MhICBDaGFuZ2UgdGhpcyBhbmQgb3RoZXIgZmlsZXMgaW4gdGhpcyBkaXJlY3RvcnksIGFuZCB3YXRjaCB0aGUgc2l0ZSBjb250ZW50IGNoYW5nZSBvbiBodHRwOi8vbG9jYWxob3N0OjQwMDA8L2gxPg0KICA8L2JvZHk+DQo8L2h0bWw+DQoNCkVPRg0KI0NoYW5nZSBwZXJtaXNzaW9ucyBub3cgaW4gb3JkZXIgdG8gYXZvaWQgYSBwcm9ibGVtIGxhdGVyIHdoZW4gdGhlIGpla3lsbCBzZXJ2aWNlIHRyaWVzIHRvIHVzZSB0aGlzIHBhdGguDQpzdWRvIGNob3duIC1SIGpla3lsbC1ob3N0Ompla3lsbC1ob3N0IC91c3IvbG9jYWwvbGliDQpzdWRvIGNobW9kIDc3NyAvdXNyL2xvY2FsL2xpYg0KDQojQmVjb21lIHJvb3QgaW4gb3JkZXIgdG8gY3JlYXRlIHRoZSBqZWt5bGwuc2VydmljZSBmaWxlIA0Kc3VkbyAtaSANCg0KY2F0IDw8ICdFT0YnID4+IC91c3IvbGliL3N5c3RlbWQvc3lzdGVtL2pla3lsbC5zZXJ2aWNlDQpbVW5pdF0NCkRlc2NyaXB0aW9uPUpla3lsbCBzZXJ2aWNlDQpBZnRlcj1zeXNsb2cudGFyZ2V0DQpBZnRlcj1uZXR3b3JrLnRhcmdldA0KDQpbU2VydmljZV0NClVzZXI9amVreWxsLWhvc3QNClR5cGU9c2ltcGxlDQpFeGVjU3RhcnQ9L2Jpbi9zaCAtYyAnY2QgL2hvbWUvamVreWxsLWhvc3QvamVreWxsLWZpbGVzLyAmJiAvdXNyL2xvY2FsL2Jpbi9idW5kbGUgZXhlYyBqZWt5bGwgc2VydmUgLS1zb3VyY2UgL2hvbWUvamVreWxsLWhvc3QvamVreWxsLWZpbGVzLycNClJlc3RhcnQ9YWx3YXlzDQpTdGFuZGFyZE91dHB1dD1zeXNsb2cNClN0YW5kYXJkRXJyb3I9c3lzbG9nDQpTeXNsb2dJZGVudGlmaWVyPWpla3lsbA0KDQpbSW5zdGFsbF0gDQpXYW50ZWRCeT1tdWx0aS11c2VyLnRhcmdldA0KDQpFT0YNCg0KI1RoZSBmb2xsb3dpbmcgbGluZSBwcmV2ZW50cyBhbiBlcnJvciB0aGF0IHdhcyBpbmFkdmVydGFudGx5IGNhdXNlZCBieSB0aGlzIHVzZXJkYXRhIHNjcmlwdC4gIFRoZSBlcnJvciB3YXMgcHJldmVudGluZyB0aGUgamVreWxsLWhvc3QgdXNlciBmcm9tIHJ1bm5pbmcgc3VkbyBjb21tYW5kcy4NCmNob3duIHJvb3Q6cm9vdCAvdXNyL2Jpbi9zdWRvICYmIGNobW9kIDQ3NTUgL3Vzci9iaW4vc3Vkbw0KDQojcmV2ZXJ0IHRvIHN1ZG8gdXNlci4gIFN0b3AgYmVpbmcgcm9vdC4NCnN1IC0gamVreWxsLWhvc3QNCnN1ZG8gc3lzdGVtY3RsIGRhZW1vbi1yZWxvYWQNCnN1ZG8gc3lzdGVtY3RsIHN0YXJ0IGpla3lsbCANCnN1ZG8gc3lzdGVtY3RsIGVuYWJsZSBqZWt5bGwNCnN1ZG8gc3lzdGVtY3RsIHN0YXR1cyBqZWt5bGwNCg0K",
            "volume_tags": {},
            "vpc_security_group_ids": [
              "sg-0d5760b7d366d9bfa"
            ]
          },
          "private": "eyJlMmJmYjczMC1lY2FhLTExZTYtOGY4OC0zNDM2M2JjN2M0YzAiOnsiY3JlYXRlIjozNjAwMDAwMDAwMDAwLCJkZWxldGUiOjM2MDAwMDAwMDAwMDAsInVwZGF0ZSI6MzYwMDAwMDAwMDAwMH0sInNjaGVtYV92ZXJzaW9uIjoiMSJ9",
          "dependencies": [
            "module.jekyll-devbox.aws_internet_gateway.jekyll-host",
            "module.jekyll-devbox.aws_security_group.jekyll-hosts",
            "module.jekyll-devbox.aws_subnet.jekyll-host",
            "module.jekyll-devbox.aws_vpc.jekyll-host"
          ]
        }
      ]
    },
    {
      "module": "module.jekyll-devbox",
      "mode": "managed",
      "type": "aws_internet_gateway",
      "name": "jekyll-host",
      "provider": "module.jekyll-devbox.provider.aws",
      "instances": [
        {
          "schema_version": 0,
          "attributes": {
            "id": "igw-0dce7d52e773d8e82",
            "owner_id": "555344254085",
            "tags": null,
            "vpc_id": "vpc-06ca70c37aea93839"
          },
          "private": "bnVsbA==",
          "dependencies": [
            "module.jekyll-devbox.aws_vpc.jekyll-host"
          ]
        }
      ]
    },
    {
      "module": "module.jekyll-devbox",
      "mode": "managed",
      "type": "aws_route_table",
      "name": "jekyll-host",
      "provider": "module.jekyll-devbox.provider.aws",
      "instances": [
        {
          "schema_version": 0,
          "attributes": {
            "id": "rtb-000a25003d30d1a72",
            "owner_id": "555344254085",
            "propagating_vgws": [],
            "route": [
              {
                "cidr_block": "0.0.0.0/0",
                "egress_only_gateway_id": "",
                "gateway_id": "igw-0dce7d52e773d8e82",
                "instance_id": "",
                "ipv6_cidr_block": "",
                "nat_gateway_id": "",
                "network_interface_id": "",
                "transit_gateway_id": "",
                "vpc_peering_connection_id": ""
              }
            ],
            "tags": null,
            "vpc_id": "vpc-06ca70c37aea93839"
          },
          "private": "bnVsbA==",
          "dependencies": [
            "module.jekyll-devbox.aws_internet_gateway.jekyll-host",
            "module.jekyll-devbox.aws_vpc.jekyll-host"
          ]
        }
      ]
    },
    {
      "module": "module.jekyll-devbox",
      "mode": "managed",
      "type": "aws_route_table_association",
      "name": "jekyll-host",
      "provider": "module.jekyll-devbox.provider.aws",
      "instances": [
        {
          "schema_version": 0,
          "attributes": {
            "gateway_id": null,
            "id": "rtbassoc-03e150e9c28791cae",
            "route_table_id": "rtb-000a25003d30d1a72",
            "subnet_id": "subnet-02d9f894d0fd2d161"
          },
          "private": "bnVsbA==",
          "dependencies": [
            "module.jekyll-devbox.aws_internet_gateway.jekyll-host",
            "module.jekyll-devbox.aws_route_table.jekyll-host",
            "module.jekyll-devbox.aws_subnet.jekyll-host",
            "module.jekyll-devbox.aws_vpc.jekyll-host"
          ]
        }
      ]
    },
    {
      "module": "module.jekyll-devbox",
      "mode": "managed",
      "type": "aws_security_group",
      "name": "jekyll-hosts",
      "provider": "module.jekyll-devbox.provider.aws",
      "instances": [
        {
          "schema_version": 1,
          "attributes": {
            "arn": "arn:aws:ec2:us-west-2:555344254085:security-group/sg-0d5760b7d366d9bfa",
            "description": "Security group for all nodes in the cluster",
            "egress": [
              {
                "cidr_blocks": [
                  "0.0.0.0/0"
                ],
                "description": "",
                "from_port": 0,
                "ipv6_cidr_blocks": [],
                "prefix_list_ids": [],
                "protocol": "-1",
                "security_groups": [],
                "self": false,
                "to_port": 0
              }
            ],
            "id": "sg-0d5760b7d366d9bfa",
            "ingress": [],
            "name": "jekyll nodes",
            "name_prefix": null,
            "owner_id": "555344254085",
            "revoke_rules_on_delete": false,
            "tags": null,
            "timeouts": null,
            "vpc_id": "vpc-06ca70c37aea93839"
          },
          "private": "eyJlMmJmYjczMC1lY2FhLTExZTYtOGY4OC0zNDM2M2JjN2M0YzAiOnsiY3JlYXRlIjo2MDAwMDAwMDAwMDAsImRlbGV0ZSI6NjAwMDAwMDAwMDAwfSwic2NoZW1hX3ZlcnNpb24iOiIxIn0=",
          "dependencies": [
            "module.jekyll-devbox.aws_vpc.jekyll-host"
          ]
        }
      ]
    },
    {
      "module": "module.jekyll-devbox",
      "mode": "managed",
      "type": "aws_security_group_rule",
      "name": "jekyll-admin-ssh",
      "provider": "module.jekyll-devbox.provider.aws",
      "instances": [
        {
          "schema_version": 2,
          "attributes": {
            "cidr_blocks": [
              "174.222.128.55/32"
            ],
            "description": null,
            "from_port": 22,
            "id": "sgrule-1134494528",
            "ipv6_cidr_blocks": null,
            "prefix_list_ids": null,
            "protocol": "tcp",
            "security_group_id": "sg-0d5760b7d366d9bfa",
            "self": false,
            "source_security_group_id": null,
            "to_port": 22,
            "type": "ingress"
          },
          "private": "eyJzY2hlbWFfdmVyc2lvbiI6IjIifQ==",
          "dependencies": [
            "module.jekyll-devbox.aws_security_group.jekyll-hosts",
            "module.jekyll-devbox.aws_vpc.jekyll-host"
          ]
        }
      ]
    },
    {
      "module": "module.jekyll-devbox",
      "mode": "managed",
      "type": "aws_security_group_rule",
      "name": "jekyll-preview-http",
      "provider": "module.jekyll-devbox.provider.aws",
      "instances": [
        {
          "schema_version": 2,
          "attributes": {
            "cidr_blocks": [
              "0.0.0.0/0"
            ],
            "description": null,
            "from_port": 4000,
            "id": "sgrule-2440716368",
            "ipv6_cidr_blocks": null,
            "prefix_list_ids": null,
            "protocol": "tcp",
            "security_group_id": "sg-0d5760b7d366d9bfa",
            "self": false,
            "source_security_group_id": null,
            "to_port": 4000,
            "type": "ingress"
          },
          "private": "eyJzY2hlbWFfdmVyc2lvbiI6IjIifQ==",
          "dependencies": [
            "module.jekyll-devbox.aws_security_group.jekyll-hosts",
            "module.jekyll-devbox.aws_vpc.jekyll-host"
          ]
        }
      ]
    },
    {
      "module": "module.jekyll-devbox",
      "mode": "managed",
      "type": "aws_subnet",
      "name": "jekyll-host",
      "provider": "module.jekyll-devbox.provider.aws",
      "instances": [
        {
          "schema_version": 1,
          "attributes": {
            "arn": "arn:aws:ec2:us-west-2:555344254085:subnet/subnet-02d9f894d0fd2d161",
            "assign_ipv6_address_on_creation": false,
            "availability_zone": "us-west-2a",
            "availability_zone_id": "usw2-az1",
            "cidr_block": "10.0.0.0/24",
            "id": "subnet-02d9f894d0fd2d161",
            "ipv6_cidr_block": "",
            "ipv6_cidr_block_association_id": "",
            "map_public_ip_on_launch": false,
            "owner_id": "555344254085",
            "tags": null,
            "timeouts": null,
            "vpc_id": "vpc-06ca70c37aea93839"
          },
          "private": "eyJlMmJmYjczMC1lY2FhLTExZTYtOGY4OC0zNDM2M2JjN2M0YzAiOnsiY3JlYXRlIjo2MDAwMDAwMDAwMDAsImRlbGV0ZSI6MTIwMDAwMDAwMDAwMH0sInNjaGVtYV92ZXJzaW9uIjoiMSJ9",
          "dependencies": [
            "module.jekyll-devbox.aws_vpc.jekyll-host"
          ]
        }
      ]
    },
    {
      "module": "module.jekyll-devbox",
      "mode": "managed",
      "type": "aws_vpc",
      "name": "jekyll-host",
      "provider": "module.jekyll-devbox.provider.aws",
      "instances": [
        {
          "schema_version": 1,
          "attributes": {
            "arn": "arn:aws:ec2:us-west-2:555344254085:vpc/vpc-06ca70c37aea93839",
            "assign_generated_ipv6_cidr_block": false,
            "cidr_block": "10.0.0.0/16",
            "default_network_acl_id": "acl-01c7e3f69458de54a",
            "default_route_table_id": "rtb-0085b5ccdf391992b",
            "default_security_group_id": "sg-0771ea5dee5b9e4c9",
            "dhcp_options_id": "dopt-0c9edf75",
            "enable_classiclink": false,
            "enable_classiclink_dns_support": false,
            "enable_dns_hostnames": true,
            "enable_dns_support": true,
            "id": "vpc-06ca70c37aea93839",
            "instance_tenancy": "default",
            "ipv6_association_id": "",
            "ipv6_cidr_block": "",
            "main_route_table_id": "rtb-0085b5ccdf391992b",
            "owner_id": "555344254085",
            "tags": {
              "Name": "jekyll-host"
            }
          },
          "private": "eyJzY2hlbWFfdmVyc2lvbiI6IjEifQ=="
        }
      ]
    }
  ]
}
